<Solution>
  <Folder Name="/Solution Items/">
    <File Path=".gitignore" />
  </Folder>
  <Project Path="IMS.Application/IMS.Application.csproj" />
  <Project Path="IMS.Domain/IMS.Domain.csproj" />
  <Project Path="IMS.Infrastructure/IMS.Infrastructure.csproj" />
  <Project Path="IMS.WebApi/IMS.WebApi.csproj" />
</Solution>
